
Microsoft Visual Studio Solution File, Format Version 12.00
# Visual Studio Version 17
VisualStudioVersion = 17.3.32825.248
MinimumVisualStudioVersion = 10.0.40219.1
Project("{FAE04EC0-301F-11D3-BF4B-00C04F79EFBC}") = "AsyncContext", "AsyncContext\AsyncContext.csproj", "{1C06BD39-CD26-4DBD-ADF2-FA49B006970A}"
EndProject
Project("{FAE04EC0-301F-11D3-BF4B-00C04F79EFBC}") = "Console", "Console\Console.csproj", "{C686A35C-7E02-4993-A415-C8C947A70922}"
EndProject
Project("{FAE04EC0-301F-11D3-BF4B-00C04F79EFBC}") = "DeadLockComUsoDoContinueWith", "ConsoleComUsoDoContinueWith\DeadLockComUsoDoContinueWith.csproj", "{EE76CA39-ADB6-4EF5-A93F-7E185D8F947A}"
EndProject
Project("{FAE04EC0-301F-11D3-BF4B-00C04F79EFBC}") = "SemDeadLockComContinueWith", "SemDeadLockComContinueWith\SemDeadLockComContinueWith.csproj", "{BA7AC0FF-48E1-4111-9C7C-65646FE6B6E0}"
EndProject
Project("{FAE04EC0-301F-11D3-BF4B-00C04F79EFBC}") = "DeferredAsyncOperationsSemDeadLock", "DeferredAsyncOperationsSemDeadLock\DeferredAsyncOperationsSemDeadLock.csproj", "{D8D5528A-B721-4B2F-8ACF-A38B925FB560}"
EndProject
Global
	GlobalSection(SolutionConfigurationPlatforms) = preSolution
		Debug|Any CPU = Debug|Any CPU
		Release|Any CPU = Release|Any CPU
	EndGlobalSection
	GlobalSection(ProjectConfigurationPlatforms) = postSolution
		{1C06BD39-CD26-4DBD-ADF2-FA49B006970A}.Debug|Any CPU.ActiveCfg = Debug|Any CPU
		{1C06BD39-CD26-4DBD-ADF2-FA49B006970A}.Debug|Any CPU.Build.0 = Debug|Any CPU
		{1C06BD39-CD26-4DBD-ADF2-FA49B006970A}.Release|Any CPU.ActiveCfg = Release|Any CPU
		{1C06BD39-CD26-4DBD-ADF2-FA49B006970A}.Release|Any CPU.Build.0 = Release|Any CPU
		{C686A35C-7E02-4993-A415-C8C947A70922}.Debug|Any CPU.ActiveCfg = Debug|Any CPU
		{C686A35C-7E02-4993-A415-C8C947A70922}.Debug|Any CPU.Build.0 = Debug|Any CPU
		{C686A35C-7E02-4993-A415-C8C947A70922}.Release|Any CPU.ActiveCfg = Release|Any CPU
		{C686A35C-7E02-4993-A415-C8C947A70922}.Release|Any CPU.Build.0 = Release|Any CPU
		{EE76CA39-ADB6-4EF5-A93F-7E185D8F947A}.Debug|Any CPU.ActiveCfg = Debug|Any CPU
		{EE76CA39-ADB6-4EF5-A93F-7E185D8F947A}.Debug|Any CPU.Build.0 = Debug|Any CPU
		{EE76CA39-ADB6-4EF5-A93F-7E185D8F947A}.Release|Any CPU.ActiveCfg = Release|Any CPU
		{EE76CA39-ADB6-4EF5-A93F-7E185D8F947A}.Release|Any CPU.Build.0 = Release|Any CPU
		{BA7AC0FF-48E1-4111-9C7C-65646FE6B6E0}.Debug|Any CPU.ActiveCfg = Debug|Any CPU
		{BA7AC0FF-48E1-4111-9C7C-65646FE6B6E0}.Debug|Any CPU.Build.0 = Debug|Any CPU
		{BA7AC0FF-48E1-4111-9C7C-65646FE6B6E0}.Release|Any CPU.ActiveCfg = Release|Any CPU
		{BA7AC0FF-48E1-4111-9C7C-65646FE6B6E0}.Release|Any CPU.Build.0 = Release|Any CPU
		{D8D5528A-B721-4B2F-8ACF-A38B925FB560}.Debug|Any CPU.ActiveCfg = Debug|Any CPU
		{D8D5528A-B721-4B2F-8ACF-A38B925FB560}.Debug|Any CPU.Build.0 = Debug|Any CPU
		{D8D5528A-B721-4B2F-8ACF-A38B925FB560}.Release|Any CPU.ActiveCfg = Release|Any CPU
		{D8D5528A-B721-4B2F-8ACF-A38B925FB560}.Release|Any CPU.Build.0 = Release|Any CPU
	EndGlobalSection
	GlobalSection(SolutionProperties) = preSolution
		HideSolutionNode = FALSE
	EndGlobalSection
	GlobalSection(ExtensibilityGlobals) = postSolution
		SolutionGuid = {8760E5B0-BE73-4973-BA03-A7D046A1B027}
	EndGlobalSection
EndGlobal
